
Microsoft Visual Studio Solution File, Format Version 12.00
# Visual Studio Version 16
VisualStudioVersion = 16.0.30611.23
MinimumVisualStudioVersion = 10.0.40219.1
Project("{FAE04EC0-301F-11D3-BF4B-00C04F79EFBC}") = "Webbrowser", "Webbrowser\Webbrowser.csproj", "{4ADE2B19-DFE1-4125-BCAE-355F6A2DED9B}"
EndProject
Global
	GlobalSection(SolutionConfigurationPlatforms) = preSolution
		Debug|Any CPU = Debug|Any CPU
		Release|Any CPU = Release|Any CPU
	EndGlobalSection
	GlobalSection(ProjectConfigurationPlatforms) = postSolution
		{4ADE2B19-DFE1-4125-BCAE-355F6A2DED9B}.Debug|Any CPU.ActiveCfg = Debug|Any CPU
		{4ADE2B19-DFE1-4125-BCAE-355F6A2DED9B}.Debug|Any CPU.Build.0 = Debug|Any CPU
		{4ADE2B19-DFE1-4125-BCAE-355F6A2DED9B}.Release|Any CPU.ActiveCfg = Release|Any CPU
		{4ADE2B19-DFE1-4125-BCAE-355F6A2DED9B}.Release|Any CPU.Build.0 = Release|Any CPU
	EndGlobalSection
	GlobalSection(SolutionProperties) = preSolution
		HideSolutionNode = FALSE
	EndGlobalSection
	GlobalSection(ExtensibilityGlobals) = postSolution
		SolutionGuid = {0398AD3D-554B-4BF3-8893-C9248EEFDD13}
	EndGlobalSection
EndGlobal
